PODS:
  - SwiftPhotoGallery (3.4.0)

DEPENDENCIES:
  - SwiftPhotoGallery (from `../`)

EXTERNAL SOURCES:
  SwiftPhotoGallery:
    :path: "../"

SPEC CHECKSUMS:
  SwiftPhotoGallery: 28b5410cc3d01c1f695a5ae4a4eb78e47904b577

PODFILE CHECKSUM: a003c64c8bd1f3752de7cf69799dc7ac146ef3c6

COCOAPODS: 1.6.1
