PODS:
  - Nimble (3.0.0)
  - SwiftPhotoGallery (1.2.2)

DEPENDENCIES:
  - Nimble (~> 3.0.0)
  - SwiftPhotoGallery (from `../`)

EXTERNAL SOURCES:
  SwiftPhotoGallery:
    :path: ../

SPEC CHECKSUMS:
  Nimble: 4c353d43735b38b545cbb4cb91504588eb5de926
  SwiftPhotoGallery: e6037116294d2a0c73b484211e711f6fbd508e80

COCOAPODS: 0.39.0
